{
  "name": "programmer-path",
  "version": "1.0.0",
  "lockfileVersion": 3,
  "requires": true,
  "packages": {
    "": {
      "name": "programmer-path",
      "version": "1.0.0",
      "license": "ISC",
      "dependencies": {
        "date-js": "^2.0.0"
      }
    },
    "node_modules/date-js": {
      "version": "2.0.0",
      "resolved": "https://registry.npmjs.org/date-js/-/date-js-2.0.0.tgz",
      "integrity": "sha512-5QylSJ66aLXJIuxlgBcUkBrFHBYFEiH/5QGL6H+WqPhfNhber7SqiPYwz0ZBpZ3g/9P6p9VjsutSPjR5/AxCoA==",
      "deprecated": "Package abandoned, contact support@npmjs.com for more info.",
      "license": "ISC"
    }
  }
}
